{
  "name": "bagato",
  "version": "1.0.0",
  "lockfileVersion": 2,
  "requires": true,
  "packages": {
    "": {
      "name": "bagato",
      "version": "1.0.0",
      "license": "ISC",
      "dependencies": {
        "@types/google-apps-script": "^1.0.39"
      }
    },
    "node_modules/@types/google-apps-script": {
      "version": "1.0.39",
      "resolved": "https://registry.npmjs.org/@types/google-apps-script/-/google-apps-script-1.0.39.tgz",
      "integrity": "sha512-slSC2JFwoQp7AuVy4HCRnP77VrFyJRGyRXHnSK0Qh5h5745FBonTIM+r9x+nXvrDJf5+G4iKSbGhfbKuUnwz0w=="
    }
  },
  "dependencies": {
    "@types/google-apps-script": {
      "version": "1.0.39",
      "resolved": "https://registry.npmjs.org/@types/google-apps-script/-/google-apps-script-1.0.39.tgz",
      "integrity": "sha512-slSC2JFwoQp7AuVy4HCRnP77VrFyJRGyRXHnSK0Qh5h5745FBonTIM+r9x+nXvrDJf5+G4iKSbGhfbKuUnwz0w=="
    }
  }
}
